PODS:
  - flutter_blue_plus (0.0.1):
    - FlutterMacOS
  - FlutterMacOS (1.0.0)
  - objective_c (0.0.1):
    - FlutterMacOS
  - printing (1.0.0):
    - FlutterMacOS
  - thermion_flutter (0.0.1):
    - Flutter
    - FlutterMacOS

DEPENDENCIES:
  - flutter_blue_plus (from `Flutter/ephemeral/.symlinks/plugins/flutter_blue_plus/macos`)
  - FlutterMacOS (from `Flutter/ephemeral`)
  - objective_c (from `Flutter/ephemeral/.symlinks/plugins/objective_c/macos`)
  - printing (from `Flutter/ephemeral/.symlinks/plugins/printing/macos`)
  - thermion_flutter (from `Flutter/ephemeral/.symlinks/plugins/thermion_flutter/darwin`)

EXTERNAL SOURCES:
  flutter_blue_plus:
    :path: Flutter/ephemeral/.symlinks/plugins/flutter_blue_plus/macos
  FlutterMacOS:
    :path: Flutter/ephemeral
  objective_c:
    :path: Flutter/ephemeral/.symlinks/plugins/objective_c/macos
  printing:
    :path: Flutter/ephemeral/.symlinks/plugins/printing/macos
  thermion_flutter:
    :path: Flutter/ephemeral/.symlinks/plugins/thermion_flutter/darwin

SPEC CHECKSUMS:
  flutter_blue_plus: dfaef8c6b52955205b65e6ea88659c68570dd563
  FlutterMacOS: d0db08ddef1a9af05a5ec4b724367152bb0500b1
  objective_c: ec13431e45ba099cb734eb2829a5c1cd37986cba
  printing: c4cf83c78fd684f9bc318e6aadc18972aa48f617
  thermion_flutter: ba41c1b6232890a4fd49d63e82b6d1679d8c2c26

PODFILE CHECKSUM: 9ee08b214e73e9bde2588843e4fc7fd661500a8c

COCOAPODS: 1.16.2
